// !$*UTF8*$!
{
	archiveVersion = 1;
	classes = {
	};
	objectVersion = 50;
	objects = {

/* Begin PBXBuildFile section */
		2CB0132A22D0C961002D362C /* AppDelegate.swift in Sources */ = {isa = PBXBuildFile; fileRef = 2CB0132922D0C961002D362C /* AppDelegate.swift */; };
		2CB0132C22D0C961002D362C /* ViewController.swift in Sources */ = {isa = PBXBuildFile; fileRef = 2CB0132B22D0C961002D362C /* ViewController.swift */; };
		2CB0132F22D0C961002D362C /* Main.storyboard in Resources */ = {isa = PBXBuildFile; fileRef = 2CB0132D22D0C961002D362C /* Main.storyboard */; };
		2CB0133222D0C961002D362C /* BirthdayTracker.xcdatamodeld in Sources */ = {isa = PBXBuildFile; fileRef = 2CB0133022D0C961002D362C /* BirthdayTracker.xcdatamodeld */; };
		2CB0133422D0C963002D362C /* Assets.xcassets in Resources */ = {isa = PBXBuildFile; fileRef = 2CB0133322D0C963002D362C /* Assets.xcassets */; };
		2CB0133722D0C963002D362C /* LaunchScreen.storyboard in Resources */ = {isa = PBXBuildFile; fileRef = 2CB0133522D0C963002D362C /* LaunchScreen.storyboard */; };
/* End PBXBuildFile section */

/* Begin PBXFileReference section */
		2CB0132622D0C961002D362C /* BirthdayTracker.app */ = {isa = PBXFileReference; explicitFileType = wrapper.application; includeInIndex = 0; path = BirthdayTracker.app; sourceTree = BUILT_PRODUCTS_DIR; };
		2CB0132922D0C961002D362C /* AppDelegate.swift */ = {isa = PBXFileReference; lastKnownFileType = sourcecode.swift; path = AppDelegate.swift; sourceTree = "<group>"; };
		2CB0132B22D0C961002D362C /* ViewController.swift */ = {isa = PBXFileReference; lastKnownFileType = sourcecode.swift; path = ViewController.swift; sourceTree = "<group>"; };
		2CB0132E22D0C961002D362C /* Base */ = {isa = PBXFileReference; lastKnownFileType = file.storyboard; name = Base; path = Base.lproj/Main.storyboard; sourceTree = "<group>"; };
		2CB0133122D0C961002D362C /* BirthdayTracker.xcdatamodel */ = {isa = PBXFileReference; lastKnownFileType = wrapper.xcdatamodel; path = BirthdayTracker.xcdatamodel; sourceTree = "<group>"; };
		2CB0133322D0C963002D362C /* Assets.xcassets */ = {isa = PBXFileReference; lastKnownFileType = folder.assetcatalog; path = Assets.xcassets; sourceTree = "<group>"; };
		2CB0133622D0C963002D362C /* Base */ = {isa = PBXFileReference; lastKnownFileType = file.storyboard; name = Base; path = Base.lproj/LaunchScreen.storyboard; sourceTree = "<group>"; };
		2CB0133822D0C963002D362C /* Info.plist */ = {isa = PBXFileReference; lastKnownFileType = text.plist.xml; path = Info.plist; sourceTree = "<group>"; };
/* End PBXFileReference section */

/* Begin PBXFrameworksBuildPhase section */
		2CB0132322D0C960002D362C /* Frameworks */ = {
			isa = PBXFrameworksBuildPhase;
			buildActionMask = 2147483647;
			files = (
			);
			runOnlyForDeploymentPostprocessing = 0;
		};
/* End PBXFrameworksBuildPhase section */

/* Begin PBXGroup section */
		2CB0131D22D0C960002D362C = {
			isa = PBXGroup;
			children = (
				2CB0132822D0C961002D362C /* BirthdayTracker */,
				2CB0132722D0C961002D362C /* Products */,
			);
			sourceTree = "<group>";
		};
		2CB0132722D0C961002D362C /* Products */ = {
			isa = PBXGroup;
			children = (
				2CB0132622D0C961002D362C /* BirthdayTracker.app */,
			);
			name = Products;
			sourceTree = "<group>";
		};
		2CB0132822D0C961002D362C /* BirthdayTracker */ = {
			isa = PBXGroup;
			children = (
				2CB0132922D0C961002D362C /* AppDelegate.swift */,
				2CB0132B22D0C961002D362C /* ViewController.swift */,
				2CB0132D22D0C961002D362C /* Main.storyboard */,
				2CB0133322D0C963002D362C /* Assets.xcassets */,
				2CB0133522D0C963002D362C /* LaunchScreen.storyboard */,
				2CB0133822D0C963002D362C /* Info.plist */,
				2CB0133022D0C961002D362C /* BirthdayTracker.xcdatamodeld */,
			);
			path = BirthdayTracker;
			sourceTree = "<group>";
		};
/* End PBXGroup section */

/* Begin PBXNativeTarget section */
		2CB0132522D0C960002D362C /* BirthdayTracker */ = {
			isa = PBXNativeTarget;
			buildConfigurationList = 2CB0133B22D0C963002D362C /* Build configuration list for PBXNativeTarget "BirthdayTracker" */;
			buildPhases = (
				2CB0132222D0C960002D362C /* Sources */,
				2CB0132322D0C960002D362C /* Frameworks */,
				2CB0132422D0C960002D362C /* Resources */,
			);
			buildRules = (
			);
			dependencies = (
			);
			name = BirthdayTracker;
			productName = BirthdayTracker;
			productReference = 2CB0132622D0C961002D362C /* BirthdayTracker.app */;
			productType = "com.apple.product-type.application";
		};
/* End PBXNativeTarget section */

/* Begin PBXProject section */
		2CB0131E22D0C960002D362C /* Project object */ = {
			isa = PBXProject;
			attributes = {
				LastSwiftUpdateCheck = 1020;
				LastUpgradeCheck = 1020;
				ORGANIZATIONNAME = Aperantim;
				TargetAttributes = {
					2CB0132522D0C960002D362C = {
						CreatedOnToolsVersion = 10.2.1;
					};
				};
			};
			buildConfigurationList = 2CB0132122D0C960002D362C /* Build configuration list for PBXProject "BirthdayTracker" */;
			compatibilityVersion = "Xcode 9.3";
			developmentRegion = en;
			hasScannedForEncodings = 0;
			knownRegions = (
				en,
				Base,
			);
			mainGroup = 2CB0131D22D0C960002D362C;
			productRefGroup = 2CB0132722D0C961002D362C /* Products */;
			projectDirPath = "";
			projectRoot = "";
			targets = (
				2CB0132522D0C960002D362C /* BirthdayTracker */,
			);
		};
/* End PBXProject section */

/* Begin PBXResourcesBuildPhase section */
		2CB0132422D0C960002D362C /* Resources */ = {
			isa = PBXResourcesBuildPhase;
			buildActionMask = 2147483647;
			files = (
				2CB0133722D0C963002D362C /* LaunchScreen.storyboard in Resources */,
				2CB0133422D0C963002D362C /* Assets.xcassets in Resources */,
				2CB0132F22D0C961002D362C /* Main.storyboard in Resources */,
			);
			runOnlyForDeploymentPostprocessing = 0;
		};
/* End PBXResourcesBuildPhase section */

/* Begin PBXSourcesBuildPhase section */
		2CB0132222D0C960002D362C /* Sources */ = {
			isa = PBXSourcesBuildPhase;
			buildActionMask = 2147483647;
			files = (
				2CB0132C22D0C961002D362C /* ViewController.swift in Sources */,
				2CB0133222D0C961002D362C /* BirthdayTracker.xcdatamodeld in Sources */,
				2CB0132A22D0C961002D362C /* AppDelegate.swift in Sources */,
			);
			runOnlyForDeploymentPostprocessing = 0;
		};
/* End PBXSourcesBuildPhase section */

/* Begin PBXVariantGroup section */
		2CB0132D22D0C961002D362C /* Main.storyboard */ = {
			isa = PBXVariantGroup;
			children = (
				2CB0132E22D0C961002D362C /* Base */,
			);
			name = Main.storyboard;
			sourceTree = "<group>";
		};
		2CB0133522D0C963002D362C /* LaunchScreen.storyboard */ = {
			isa = PBXVariantGroup;
			children = (
				2CB0133622D0C963002D362C /* Base */,
			);
			name = LaunchScreen.storyboard;
			sourceTree = "<group>";
		};
/* End PBXVariantGroup section */

/* Begin XCBuildConfiguration section */
		2CB0133922D0C963002D362C /* Debug */ = {
			isa = XCBuildConfiguration;
			buildSettings = {
				ALWAYS_SEARCH_USER_PATHS = NO;
				CLANG_ANALYZER_NONNULL = YES;
				CLANG_ANALYZER_NUMBER_OBJECT_CONVERSION = YES_AGGRESSIVE;
				CLANG_CXX_LANGUAGE_STANDARD = "gnu++14";
				CLANG_CXX_LIBRARY = "libc++";
				CLANG_ENABLE_MODULES = YES;
				CLANG_ENABLE_OBJC_ARC = YES;
				CLANG_ENABLE_OBJC_WEAK = YES;
				CLANG_WARN_BLOCK_CAPTURE_AUTORELEASING = YES;
				CLANG_WARN_BOOL_CONVERSION = YES;
				CLANG_WARN_COMMA = YES;
				CLANG_WARN_CONSTANT_CONVERSION = YES;
				CLANG_WARN_DEPRECATED_OBJC_IMPLEMENTATIONS = YES;
				CLANG_WARN_DIRECT_OBJC_ISA_USAGE = YES_ERROR;
				CLANG_WARN_DOCUMENTATION_COMMENTS = YES;
				CLANG_WARN_EMPTY_BODY = YES;
				CLANG_WARN_ENUM_CONVERSION = YES;
				CLANG_WARN_INFINITE_RECURSION = YES;
				CLANG_WARN_INT_CONVERSION = YES;
				CLANG_WARN_NON_LITERAL_NULL_CONVERSION = YES;
				CLANG_WARN_OBJC_IMPLICIT_RETAIN_SELF = YES;
				CLANG_WARN_OBJC_LITERAL_CONVERSION = YES;
				CLANG_WARN_OBJC_ROOT_CLASS = YES_ERROR;
				CLANG_WARN_RANGE_LOOP_ANALYSIS = YES;
				CLANG_WARN_STRICT_PROTOTYPES = YES;
				CLANG_WARN_SUSPICIOUS_MOVE = YES;
				CLANG_WARN_UNGUARDED_AVAILABILITY = YES_AGGRESSIVE;
				CLANG_WARN_UNREACHABLE_CODE = YES;
				CLANG_WARN__DUPLICATE_METHOD_MATCH = YES;
				CODE_SIGN_IDENTITY = "iPhone Developer";
				COPY_PHASE_STRIP = NO;
				DEBUG_INFORMATION_FORMAT = dwarf;
				ENABLE_STRICT_OBJC_MSGSEND = YES;
				ENABLE_TESTABILITY = YES;
				GCC_C_LANGUAGE_STANDARD = gnu11;
				GCC_DYNAMIC_NO_PIC = NO;
				GCC_NO_COMMON_BLOCKS = YES;
				GCC_OPTIMIZATION_LEVEL = 0;
				GCC_PREPROCESSOR_DEFINITIONS = (
					"DEBUG=1",
					"$(inherited)",
				);
				GCC_WARN_64_TO_32_BIT_CONVERSION = YES;
				GCC_WARN_ABOUT_RETURN_TYPE = YES_ERROR;
				GCC_WARN_UNDECLARED_SELECTOR = YES;
				GCC_WARN_UNINITIALIZED_AUTOS = YES_AGGRESSIVE;
				GCC_WARN_UNUSED_FUNCTION = YES;
				GCC_WARN_UNUSED_VARIABLE = YES;
				IPHONEOS_DEPLOYMENT_TARGET = 12.2;
				MTL_ENABLE_DEBUG_INFO = INCLUDE_SOURCE;
				MTL_FAST_MATH = YES;
				ONLY_ACTIVE_ARCH = YES;
				SDKROOT = iphoneos;
				SWIFT_ACTIVE_COMPILATION_CONDITIONS = DEBUG;
				SWIFT_OPTIMIZATION_LEVEL = "-Onone";
			};
			name = Debug;
		};
		2CB0133A22D0C963002D362C /* Release */ = {
			isa = XCBuildConfiguration;
			buildSettings = {
				ALWAYS_SEARCH_USER_PATHS = NO;
				CLANG_ANALYZER_NONNULL = YES;
				CLANG_ANALYZER_NUMBER_OBJECT_CONVERSION = YES_AGGRESSIVE;
				CLANG_CXX_LANGUAGE_STANDARD = "gnu++14";
				CLANG_CXX_LIBRARY = "libc++";
				CLANG_ENABLE_MODULES = YES;
				CLANG_ENABLE_OBJC_ARC = YES;
				CLANG_ENABLE_OBJC_WEAK = YES;
				CLANG_WARN_BLOCK_CAPTURE_AUTORELEASING = YES;
				CLANG_WARN_BOOL_CONVERSION = YES;
				CLANG_WARN_COMMA = YES;
				CLANG_WARN_CONSTANT_CONVERSION = YES;
				CLANG_WARN_DEPRECATED_OBJC_IMPLEMENTATIONS = YES;
				CLANG_WARN_DIRECT_OBJC_ISA_USAGE = YES_ERROR;
				CLANG_WARN_DOCUMENTATION_COMMENTS = YES;
				CLANG_WARN_EMPTY_BODY = YES;
				CLANG_WARN_ENUM_CONVERSION = YES;
				CLANG_WARN_INFINITE_RECURSION = YES;
				CLANG_WARN_INT_CONVERSION = YES;
				CLANG_WARN_NON_LITERAL_NULL_CONVERSION = YES;
				CLANG_WARN_OBJC_IMPLICIT_RETAIN_SELF = YES;
				CLANG_WARN_OBJC_LITERAL_CONVERSION = YES;
				CLANG_WARN_OBJC_ROOT_CLASS = YES_ERROR;
				CLANG_WARN_RANGE_LOOP_ANALYSIS = YES;
				CLANG_WARN_STRICT_PROTOTYPES = YES;
				CLANG_WARN_SUSPICIOUS_MOVE = YES;
				CLANG_WARN_UNGUARDED_AVAILABILITY = YES_AGGRESSIVE;
				CLANG_WARN_UNREACHABLE_CODE = YES;
				CLANG_WARN__DUPLICATE_METHOD_MATCH = YES;
				CODE_SIGN_IDENTITY = "iPhone Developer";
				COPY_PHASE_STRIP = NO;
				DEBUG_INFORMATION_FORMAT = "dwarf-with-dsym";
				ENABLE_NS_ASSERTIONS = NO;
				ENABLE_STRICT_OBJC_MSGSEND = YES;
				GCC_C_LANGUAGE_STANDARD = gnu11;
				GCC_NO_COMMON_BLOCKS = YES;
				GCC_WARN_64_TO_32_BIT_CONVERSION = YES;
				GCC_WARN_ABOUT_RETURN_TYPE = YES_ERROR;
				GCC_WARN_UNDECLARED_SELECTOR = YES;
				GCC_WARN_UNINITIALIZED_AUTOS = YES_AGGRESSIVE;
				GCC_WARN_UNUSED_FUNCTION = YES;
				GCC_WARN_UNUSED_VARIABLE = YES;
				IPHONEOS_DEPLOYMENT_TARGET = 12.2;
				MTL_ENABLE_DEBUG_INFO = NO;
				MTL_FAST_MATH = YES;
				SDKROOT = iphoneos;
				SWIFT_COMPILATION_MODE = wholemodule;
				SWIFT_OPTIMIZATION_LEVEL = "-O";
				VALIDATE_PRODUCT = YES;
			};
			name = Release;
		};
		2CB0133C22D0C963002D362C /* Debug */ = {
			isa = XCBuildConfiguration;
			buildSettings = {
				ASSETCATALOG_COMPILER_APPICON_NAME = AppIcon;
				CODE_SIGN_STYLE = Automatic;
				DEVELOPMENT_TEAM = 4343V4PCQA;
				INFOPLIST_FILE = BirthdayTracker/Info.plist;
				LD_RUNPATH_SEARCH_PATHS = (
					"$(inherited)",
					"@executable_path/Frameworks",
				);
				PRODUCT_BUNDLE_IDENTIFIER = "ru.spin-up.BirthdayTracker";
				PRODUCT_NAME = "$(TARGET_NAME)";
				SWIFT_VERSION = 5.0;
				TARGETED_DEVICE_FAMILY = "1,2";
			};
			name = Debug;
		};
		2CB0133D22D0C963002D362C /* Release */ = {
			isa = XCBuildConfiguration;
			buildSettings = {
				ASSETCATALOG_COMPILER_APPICON_NAME = AppIcon;
				CODE_SIGN_STYLE = Automatic;
				DEVELOPMENT_TEAM = 4343V4PCQA;
				INFOPLIST_FILE = BirthdayTracker/Info.plist;
				LD_RUNPATH_SEARCH_PATHS = (
					"$(inherited)",
					"@executable_path/Frameworks",
				);
				PRODUCT_BUNDLE_IDENTIFIER = "ru.spin-up.BirthdayTracker";
				PRODUCT_NAME = "$(TARGET_NAME)";
				SWIFT_VERSION = 5.0;
				TARGETED_DEVICE_FAMILY = "1,2";
			};
			name = Release;
		};
/* End XCBuildConfiguration section */

/* Begin XCConfigurationList section */
		2CB0132122D0C960002D362C /* Build configuration list for PBXProject "BirthdayTracker" */ = {
			isa = XCConfigurationList;
			buildConfigurations = (
				2CB0133922D0C963002D362C /* Debug */,
				2CB0133A22D0C963002D362C /* Release */,
			);
			defaultConfigurationIsVisible = 0;
			defaultConfigurationName = Release;
		};
		2CB0133B22D0C963002D362C /* Build configuration list for PBXNativeTarget "BirthdayTracker" */ = {
			isa = XCConfigurationList;
			buildConfigurations = (
				2CB0133C22D0C963002D362C /* Debug */,
				2CB0133D22D0C963002D362C /* Release */,
			);
			defaultConfigurationIsVisible = 0;
			defaultConfigurationName = Release;
		};
/* End XCConfigurationList section */

/* Begin XCVersionGroup section */
		2CB0133022D0C961002D362C /* BirthdayTracker.xcdatamodeld */ = {
			isa = XCVersionGroup;
			children = (
				2CB0133122D0C961002D362C /* BirthdayTracker.xcdatamodel */,
			);
			currentVersion = 2CB0133122D0C961002D362C /* BirthdayTracker.xcdatamodel */;
			path = BirthdayTracker.xcdatamodeld;
			sourceTree = "<group>";
			versionGroupType = wrapper.xcdatamodel;
		};
/* End XCVersionGroup section */
	};
	rootObject = 2CB0131E22D0C960002D362C /* Project object */;
}
